
Microsoft Visual Studio Solution File, Format Version 12.00
# Visual Studio 2013
VisualStudioVersion = 12.0.31101.0
MinimumVisualStudioVersion = 10.0.40219.1
Project("{FAE04EC0-301F-11D3-BF4B-00C04F79EFBC}") = "GUI", "OKQ8PejlingV2\GUI.csproj", "{7A7F4E69-BA5B-47A8-B42E-6DC190481F5E}"
EndProject
Project("{FAE04EC0-301F-11D3-BF4B-00C04F79EFBC}") = "DB", "DB\DB.csproj", "{5EB4CCB4-5FDC-446E-AC5E-F0B3277EEB8B}"
EndProject
Project("{FAE04EC0-301F-11D3-BF4B-00C04F79EFBC}") = "Logic", "Logic\Logic.csproj", "{6BEF2EF5-7835-4F1E-BBE0-15EFFC08C3F3}"
EndProject
Global
	GlobalSection(SolutionConfigurationPlatforms) = preSolution
		Debug|Any CPU = Debug|Any CPU
		Release|Any CPU = Release|Any CPU
	EndGlobalSection
	GlobalSection(ProjectConfigurationPlatforms) = postSolution
		{7A7F4E69-BA5B-47A8-B42E-6DC190481F5E}.Debug|Any CPU.ActiveCfg = Debug|Any CPU
		{7A7F4E69-BA5B-47A8-B42E-6DC190481F5E}.Debug|Any CPU.Build.0 = Debug|Any CPU
		{7A7F4E69-BA5B-47A8-B42E-6DC190481F5E}.Release|Any CPU.ActiveCfg = Release|Any CPU
		{7A7F4E69-BA5B-47A8-B42E-6DC190481F5E}.Release|Any CPU.Build.0 = Release|Any CPU
		{5EB4CCB4-5FDC-446E-AC5E-F0B3277EEB8B}.Debug|Any CPU.ActiveCfg = Debug|Any CPU
		{5EB4CCB4-5FDC-446E-AC5E-F0B3277EEB8B}.Debug|Any CPU.Build.0 = Debug|Any CPU
		{5EB4CCB4-5FDC-446E-AC5E-F0B3277EEB8B}.Release|Any CPU.ActiveCfg = Release|Any CPU
		{5EB4CCB4-5FDC-446E-AC5E-F0B3277EEB8B}.Release|Any CPU.Build.0 = Release|Any CPU
		{6BEF2EF5-7835-4F1E-BBE0-15EFFC08C3F3}.Debug|Any CPU.ActiveCfg = Debug|Any CPU
		{6BEF2EF5-7835-4F1E-BBE0-15EFFC08C3F3}.Debug|Any CPU.Build.0 = Debug|Any CPU
		{6BEF2EF5-7835-4F1E-BBE0-15EFFC08C3F3}.Release|Any CPU.ActiveCfg = Release|Any CPU
		{6BEF2EF5-7835-4F1E-BBE0-15EFFC08C3F3}.Release|Any CPU.Build.0 = Release|Any CPU
	EndGlobalSection
	GlobalSection(SolutionProperties) = preSolution
		HideSolutionNode = FALSE
	EndGlobalSection
EndGlobal
